
Microsoft Visual Studio Solution File, Format Version 10.00
# Visual Studio 2008
Project("{FAE04EC0-301F-11D3-BF4B-00C04F79EFBC}") = "FluentNHibernate", "FluentNHibernate\FluentNHibernate.csproj", "{529145D5-6CC3-4016-89B5-826563024AF1}"
EndProject
Project("{FAE04EC0-301F-11D3-BF4B-00C04F79EFBC}") = "FluentNHibernate.Testing", "FluentNHibernate.Testing\FluentNHibernate.Testing.csproj", "{4A693F88-A29A-4FC9-B086-24956848FD99}"
EndProject
Project("{FAE04EC0-301F-11D3-BF4B-00C04F79EFBC}") = "FluentNHibernate.BackwardCompatibility", "FluentNHibernate.BackwardCompatibility\FluentNHibernate.BackwardCompatibility.csproj", "{27E0F40C-5D2D-42FE-9DA6-3ACFFCAC3F73}"
EndProject
Project("{FAE04EC0-301F-11D3-BF4B-00C04F79EFBC}") = "FluentNHibernate.MetaMapping", "FluentNHibernate.MetaMapping\FluentNHibernate.MetaMapping.csproj", "{66B2B7DC-E7B4-42B0-AD25-33FFF11BB5E9}"
EndProject
Project("{FAE04EC0-301F-11D3-BF4B-00C04F79EFBC}") = "FluentNHibernate.MetaMapping.Tests", "FluentNHibernate.MetaMapping.Tests\FluentNHibernate.MetaMapping.Tests.csproj", "{C6996765-F90D-4B02-99A9-7DA384544616}"
EndProject
Global
	GlobalSection(SolutionConfigurationPlatforms) = preSolution
		Debug|Any CPU = Debug|Any CPU
		Debug|Mixed Platforms = Debug|Mixed Platforms
		Debug|x86 = Debug|x86
		Release|Any CPU = Release|Any CPU
		Release|Mixed Platforms = Release|Mixed Platforms
		Release|x86 = Release|x86
	EndGlobalSection
	GlobalSection(ProjectConfigurationPlatforms) = postSolution
		{529145D5-6CC3-4016-89B5-826563024AF1}.Debug|Any CPU.ActiveCfg = Debug|Any CPU
		{529145D5-6CC3-4016-89B5-826563024AF1}.Debug|Any CPU.Build.0 = Debug|Any CPU
		{529145D5-6CC3-4016-89B5-826563024AF1}.Debug|Mixed Platforms.ActiveCfg = Debug|Any CPU
		{529145D5-6CC3-4016-89B5-826563024AF1}.Debug|Mixed Platforms.Build.0 = Debug|Any CPU
		{529145D5-6CC3-4016-89B5-826563024AF1}.Debug|x86.ActiveCfg = Debug|Any CPU
		{529145D5-6CC3-4016-89B5-826563024AF1}.Release|Any CPU.ActiveCfg = Release|Any CPU
		{529145D5-6CC3-4016-89B5-826563024AF1}.Release|Any CPU.Build.0 = Release|Any CPU
		{529145D5-6CC3-4016-89B5-826563024AF1}.Release|Mixed Platforms.ActiveCfg = Release|Any CPU
		{529145D5-6CC3-4016-89B5-826563024AF1}.Release|Mixed Platforms.Build.0 = Release|Any CPU
		{529145D5-6CC3-4016-89B5-826563024AF1}.Release|x86.ActiveCfg = Release|Any CPU
		{4A693F88-A29A-4FC9-B086-24956848FD99}.Debug|Any CPU.ActiveCfg = Debug|x86
		{4A693F88-A29A-4FC9-B086-24956848FD99}.Debug|Mixed Platforms.ActiveCfg = Debug|x86
		{4A693F88-A29A-4FC9-B086-24956848FD99}.Debug|Mixed Platforms.Build.0 = Debug|x86
		{4A693F88-A29A-4FC9-B086-24956848FD99}.Debug|x86.ActiveCfg = Debug|x86
		{4A693F88-A29A-4FC9-B086-24956848FD99}.Debug|x86.Build.0 = Debug|x86
		{4A693F88-A29A-4FC9-B086-24956848FD99}.Release|Any CPU.ActiveCfg = Release|x86
		{4A693F88-A29A-4FC9-B086-24956848FD99}.Release|Mixed Platforms.ActiveCfg = Release|x86
		{4A693F88-A29A-4FC9-B086-24956848FD99}.Release|Mixed Platforms.Build.0 = Release|x86
		{4A693F88-A29A-4FC9-B086-24956848FD99}.Release|x86.ActiveCfg = Release|x86
		{4A693F88-A29A-4FC9-B086-24956848FD99}.Release|x86.Build.0 = Release|x86
		{27E0F40C-5D2D-42FE-9DA6-3ACFFCAC3F73}.Debug|Any CPU.ActiveCfg = Debug|Any CPU
		{27E0F40C-5D2D-42FE-9DA6-3ACFFCAC3F73}.Debug|Any CPU.Build.0 = Debug|Any CPU
		{27E0F40C-5D2D-42FE-9DA6-3ACFFCAC3F73}.Debug|Mixed Platforms.ActiveCfg = Debug|Any CPU
		{27E0F40C-5D2D-42FE-9DA6-3ACFFCAC3F73}.Debug|Mixed Platforms.Build.0 = Debug|Any CPU
		{27E0F40C-5D2D-42FE-9DA6-3ACFFCAC3F73}.Debug|x86.ActiveCfg = Debug|Any CPU
		{27E0F40C-5D2D-42FE-9DA6-3ACFFCAC3F73}.Release|Any CPU.ActiveCfg = Release|Any CPU
		{27E0F40C-5D2D-42FE-9DA6-3ACFFCAC3F73}.Release|Any CPU.Build.0 = Release|Any CPU
		{27E0F40C-5D2D-42FE-9DA6-3ACFFCAC3F73}.Release|Mixed Platforms.ActiveCfg = Release|Any CPU
		{27E0F40C-5D2D-42FE-9DA6-3ACFFCAC3F73}.Release|Mixed Platforms.Build.0 = Release|Any CPU
		{27E0F40C-5D2D-42FE-9DA6-3ACFFCAC3F73}.Release|x86.ActiveCfg = Release|Any CPU
		{66B2B7DC-E7B4-42B0-AD25-33FFF11BB5E9}.Debug|Any CPU.ActiveCfg = Debug|Any CPU
		{66B2B7DC-E7B4-42B0-AD25-33FFF11BB5E9}.Debug|Any CPU.Build.0 = Debug|Any CPU
		{66B2B7DC-E7B4-42B0-AD25-33FFF11BB5E9}.Debug|Mixed Platforms.ActiveCfg = Debug|Any CPU
		{66B2B7DC-E7B4-42B0-AD25-33FFF11BB5E9}.Debug|Mixed Platforms.Build.0 = Debug|Any CPU
		{66B2B7DC-E7B4-42B0-AD25-33FFF11BB5E9}.Debug|x86.ActiveCfg = Debug|Any CPU
		{66B2B7DC-E7B4-42B0-AD25-33FFF11BB5E9}.Release|Any CPU.ActiveCfg = Release|Any CPU
		{66B2B7DC-E7B4-42B0-AD25-33FFF11BB5E9}.Release|Any CPU.Build.0 = Release|Any CPU
		{66B2B7DC-E7B4-42B0-AD25-33FFF11BB5E9}.Release|Mixed Platforms.ActiveCfg = Release|Any CPU
		{66B2B7DC-E7B4-42B0-AD25-33FFF11BB5E9}.Release|Mixed Platforms.Build.0 = Release|Any CPU
		{66B2B7DC-E7B4-42B0-AD25-33FFF11BB5E9}.Release|x86.ActiveCfg = Release|Any CPU
		{C6996765-F90D-4B02-99A9-7DA384544616}.Debug|Any CPU.ActiveCfg = Debug|Any CPU
		{C6996765-F90D-4B02-99A9-7DA384544616}.Debug|Any CPU.Build.0 = Debug|Any CPU
		{C6996765-F90D-4B02-99A9-7DA384544616}.Debug|Mixed Platforms.ActiveCfg = Debug|Any CPU
		{C6996765-F90D-4B02-99A9-7DA384544616}.Debug|Mixed Platforms.Build.0 = Debug|Any CPU
		{C6996765-F90D-4B02-99A9-7DA384544616}.Debug|x86.ActiveCfg = Debug|Any CPU
		{C6996765-F90D-4B02-99A9-7DA384544616}.Release|Any CPU.ActiveCfg = Release|Any CPU
		{C6996765-F90D-4B02-99A9-7DA384544616}.Release|Any CPU.Build.0 = Release|Any CPU
		{C6996765-F90D-4B02-99A9-7DA384544616}.Release|Mixed Platforms.ActiveCfg = Release|Any CPU
		{C6996765-F90D-4B02-99A9-7DA384544616}.Release|Mixed Platforms.Build.0 = Release|Any CPU
		{C6996765-F90D-4B02-99A9-7DA384544616}.Release|x86.ActiveCfg = Release|Any CPU
	EndGlobalSection
	GlobalSection(SolutionProperties) = preSolution
		HideSolutionNode = FALSE
	EndGlobalSection
EndGlobal
