Microsoft Visual Studio Solution File, Format Version 12.00
# Visual Studio Version 16
VisualStudioVersion = 16.0.29905.134
MinimumVisualStudioVersion = 10.0.40219.1
Project("{2150E333-8FDC-42A3-9474-1A3956D46DE8}") = "Common", "Common", "{83F17668-79F5-46CB-9C33-AF30F48FAAD8}"
	ProjectSection(SolutionItems) = preProject
		CommonAssemblyInfo.cs = CommonAssemblyInfo.cs
		FluentKey.snk = FluentKey.snk
		Shared.msbuild = Shared.msbuild
	EndProjectSection
EndProject
Project("{2150E333-8FDC-42A3-9474-1A3956D46DE8}") = "Examples", "Examples", "{3D285AE0-E5CF-4923-B543-0D70E5C6DE18}"
EndProject
Project("{9A19103F-16F7-4668-BE54-9A1E7A4F7556}") = "FluentNHibernate.Testing", "FluentNHibernate.Testing\FluentNHibernate.Testing.csproj", "{F5DC3221-827E-4CB4-B61C-5F50EB4D32EA}"
EndProject
Project("{9A19103F-16F7-4668-BE54-9A1E7A4F7556}") = "FluentNHibernate", "FluentNHibernate\FluentNHibernate.csproj", "{529145D5-6CC3-4016-89B5-826563024AF1}"
EndProject
Project("{9A19103F-16F7-4668-BE54-9A1E7A4F7556}") = "Examples.FirstProject", "Examples.FirstProject\Examples.FirstProject.csproj", "{B43FC076-1704-409A-A4F5-91A5DB22B4CF}"
EndProject
Project("{9A19103F-16F7-4668-BE54-9A1E7A4F7556}") = "FluentNHibernate.Specs", "FluentNHibernate.Specs\FluentNHibernate.Specs.csproj", "{D6C908E5-2B12-43DB-A8AB-2B6849D9CB7B}"
EndProject
Project("{9A19103F-16F7-4668-BE54-9A1E7A4F7556}") = "Examples.FirstAutomappedProject", "Examples.FirstAutomappedProject\Examples.FirstAutomappedProject.csproj", "{38CB7FE2-9018-4EF2-A3BA-21A939E70718}"
EndProject
Project("{9A19103F-16F7-4668-BE54-9A1E7A4F7556}") = "FluentNHibernate.Specs.ExternalFixtures", "FluentNHibernate.Specs.ExternalFixtures\FluentNHibernate.Specs.ExternalFixtures.csproj", "{28BF853D-5B20-4091-A059-1CB0A028F981}"
EndProject
Project("{9A19103F-16F7-4668-BE54-9A1E7A4F7556}") = "FluentNHibernate.StrongName", "FluentNHibernate.StrongName\FluentNHibernate.StrongName.csproj", "{1A9DEFF7-8D7F-434A-AA6A-DDB9547CB6C4}"
EndProject
Global
	GlobalSection(SolutionConfigurationPlatforms) = preSolution
		Debug|Any CPU = Debug|Any CPU
		Debug|Mixed Platforms = Debug|Mixed Platforms
		Debug|x86 = Debug|x86
		Release|Any CPU = Release|Any CPU
		Release|Mixed Platforms = Release|Mixed Platforms
		Release|x86 = Release|x86
	EndGlobalSection
	GlobalSection(ProjectConfigurationPlatforms) = postSolution
		{F5DC3221-827E-4CB4-B61C-5F50EB4D32EA}.Debug|Any CPU.ActiveCfg = Debug|Any CPU
		{F5DC3221-827E-4CB4-B61C-5F50EB4D32EA}.Debug|Any CPU.Build.0 = Debug|Any CPU
		{F5DC3221-827E-4CB4-B61C-5F50EB4D32EA}.Debug|Mixed Platforms.ActiveCfg = Debug|Any CPU
		{F5DC3221-827E-4CB4-B61C-5F50EB4D32EA}.Debug|Mixed Platforms.Build.0 = Debug|Any CPU
		{F5DC3221-827E-4CB4-B61C-5F50EB4D32EA}.Debug|x86.ActiveCfg = Debug|Any CPU
		{F5DC3221-827E-4CB4-B61C-5F50EB4D32EA}.Debug|x86.Build.0 = Debug|Any CPU
		{F5DC3221-827E-4CB4-B61C-5F50EB4D32EA}.Release|Any CPU.ActiveCfg = Release|Any CPU
		{F5DC3221-827E-4CB4-B61C-5F50EB4D32EA}.Release|Any CPU.Build.0 = Release|Any CPU
		{F5DC3221-827E-4CB4-B61C-5F50EB4D32EA}.Release|Mixed Platforms.ActiveCfg = Release|Any CPU
		{F5DC3221-827E-4CB4-B61C-5F50EB4D32EA}.Release|Mixed Platforms.Build.0 = Release|Any CPU
		{F5DC3221-827E-4CB4-B61C-5F50EB4D32EA}.Release|x86.ActiveCfg = Release|Any CPU
		{F5DC3221-827E-4CB4-B61C-5F50EB4D32EA}.Release|x86.Build.0 = Release|Any CPU
		{529145D5-6CC3-4016-89B5-826563024AF1}.Debug|Any CPU.ActiveCfg = Debug|Any CPU
		{529145D5-6CC3-4016-89B5-826563024AF1}.Debug|Any CPU.Build.0 = Debug|Any CPU
		{529145D5-6CC3-4016-89B5-826563024AF1}.Debug|Mixed Platforms.ActiveCfg = Debug|Any CPU
		{529145D5-6CC3-4016-89B5-826563024AF1}.Debug|Mixed Platforms.Build.0 = Debug|Any CPU
		{529145D5-6CC3-4016-89B5-826563024AF1}.Debug|x86.ActiveCfg = Debug|Any CPU
		{529145D5-6CC3-4016-89B5-826563024AF1}.Release|Any CPU.ActiveCfg = Release|Any CPU
		{529145D5-6CC3-4016-89B5-826563024AF1}.Release|Any CPU.Build.0 = Release|Any CPU
		{529145D5-6CC3-4016-89B5-826563024AF1}.Release|Mixed Platforms.ActiveCfg = Release|Any CPU
		{529145D5-6CC3-4016-89B5-826563024AF1}.Release|Mixed Platforms.Build.0 = Release|Any CPU
		{529145D5-6CC3-4016-89B5-826563024AF1}.Release|x86.ActiveCfg = Release|Any CPU
		{B43FC076-1704-409A-A4F5-91A5DB22B4CF}.Debug|Any CPU.ActiveCfg = Debug|Any CPU
		{B43FC076-1704-409A-A4F5-91A5DB22B4CF}.Debug|Any CPU.Build.0 = Debug|Any CPU
		{B43FC076-1704-409A-A4F5-91A5DB22B4CF}.Debug|Mixed Platforms.ActiveCfg = Debug|Any CPU
		{B43FC076-1704-409A-A4F5-91A5DB22B4CF}.Debug|Mixed Platforms.Build.0 = Debug|Any CPU
		{B43FC076-1704-409A-A4F5-91A5DB22B4CF}.Debug|x86.ActiveCfg = Debug|Any CPU
		{B43FC076-1704-409A-A4F5-91A5DB22B4CF}.Debug|x86.Build.0 = Debug|Any CPU
		{B43FC076-1704-409A-A4F5-91A5DB22B4CF}.Release|Any CPU.ActiveCfg = Release|Any CPU
		{B43FC076-1704-409A-A4F5-91A5DB22B4CF}.Release|Any CPU.Build.0 = Release|Any CPU
		{B43FC076-1704-409A-A4F5-91A5DB22B4CF}.Release|Mixed Platforms.ActiveCfg = Release|Any CPU
		{B43FC076-1704-409A-A4F5-91A5DB22B4CF}.Release|Mixed Platforms.Build.0 = Release|Any CPU
		{B43FC076-1704-409A-A4F5-91A5DB22B4CF}.Release|x86.ActiveCfg = Release|Any CPU
		{B43FC076-1704-409A-A4F5-91A5DB22B4CF}.Release|x86.Build.0 = Release|Any CPU
		{D6C908E5-2B12-43DB-A8AB-2B6849D9CB7B}.Debug|Any CPU.ActiveCfg = Debug|Any CPU
		{D6C908E5-2B12-43DB-A8AB-2B6849D9CB7B}.Debug|Any CPU.Build.0 = Debug|Any CPU
		{D6C908E5-2B12-43DB-A8AB-2B6849D9CB7B}.Debug|Mixed Platforms.ActiveCfg = Debug|Any CPU
		{D6C908E5-2B12-43DB-A8AB-2B6849D9CB7B}.Debug|Mixed Platforms.Build.0 = Debug|Any CPU
		{D6C908E5-2B12-43DB-A8AB-2B6849D9CB7B}.Debug|x86.ActiveCfg = Debug|Any CPU
		{D6C908E5-2B12-43DB-A8AB-2B6849D9CB7B}.Release|Any CPU.ActiveCfg = Release|Any CPU
		{D6C908E5-2B12-43DB-A8AB-2B6849D9CB7B}.Release|Any CPU.Build.0 = Release|Any CPU
		{D6C908E5-2B12-43DB-A8AB-2B6849D9CB7B}.Release|Mixed Platforms.ActiveCfg = Release|Any CPU
		{D6C908E5-2B12-43DB-A8AB-2B6849D9CB7B}.Release|Mixed Platforms.Build.0 = Release|Any CPU
		{D6C908E5-2B12-43DB-A8AB-2B6849D9CB7B}.Release|x86.ActiveCfg = Release|Any CPU
		{38CB7FE2-9018-4EF2-A3BA-21A939E70718}.Debug|Any CPU.ActiveCfg = Debug|Any CPU
		{38CB7FE2-9018-4EF2-A3BA-21A939E70718}.Debug|Any CPU.Build.0 = Debug|Any CPU
		{38CB7FE2-9018-4EF2-A3BA-21A939E70718}.Debug|Mixed Platforms.ActiveCfg = Debug|Any CPU
		{38CB7FE2-9018-4EF2-A3BA-21A939E70718}.Debug|Mixed Platforms.Build.0 = Debug|Any CPU
		{38CB7FE2-9018-4EF2-A3BA-21A939E70718}.Debug|x86.ActiveCfg = Debug|Any CPU
		{38CB7FE2-9018-4EF2-A3BA-21A939E70718}.Debug|x86.Build.0 = Debug|Any CPU
		{38CB7FE2-9018-4EF2-A3BA-21A939E70718}.Release|Any CPU.ActiveCfg = Release|Any CPU
		{38CB7FE2-9018-4EF2-A3BA-21A939E70718}.Release|Any CPU.Build.0 = Release|Any CPU
		{38CB7FE2-9018-4EF2-A3BA-21A939E70718}.Release|Mixed Platforms.ActiveCfg = Release|Any CPU
		{38CB7FE2-9018-4EF2-A3BA-21A939E70718}.Release|Mixed Platforms.Build.0 = Release|Any CPU
		{38CB7FE2-9018-4EF2-A3BA-21A939E70718}.Release|x86.ActiveCfg = Release|Any CPU
		{38CB7FE2-9018-4EF2-A3BA-21A939E70718}.Release|x86.Build.0 = Release|Any CPU
		{28BF853D-5B20-4091-A059-1CB0A028F981}.Debug|Any CPU.ActiveCfg = Debug|Any CPU
		{28BF853D-5B20-4091-A059-1CB0A028F981}.Debug|Any CPU.Build.0 = Debug|Any CPU
		{28BF853D-5B20-4091-A059-1CB0A028F981}.Debug|Mixed Platforms.ActiveCfg = Debug|Any CPU
		{28BF853D-5B20-4091-A059-1CB0A028F981}.Debug|Mixed Platforms.Build.0 = Debug|Any CPU
		{28BF853D-5B20-4091-A059-1CB0A028F981}.Debug|x86.ActiveCfg = Debug|Any CPU
		{28BF853D-5B20-4091-A059-1CB0A028F981}.Release|Any CPU.ActiveCfg = Release|Any CPU
		{28BF853D-5B20-4091-A059-1CB0A028F981}.Release|Any CPU.Build.0 = Release|Any CPU
		{28BF853D-5B20-4091-A059-1CB0A028F981}.Release|Mixed Platforms.ActiveCfg = Release|Any CPU
		{28BF853D-5B20-4091-A059-1CB0A028F981}.Release|Mixed Platforms.Build.0 = Release|Any CPU
		{28BF853D-5B20-4091-A059-1CB0A028F981}.Release|x86.ActiveCfg = Release|Any CPU
		{1A9DEFF7-8D7F-434A-AA6A-DDB9547CB6C4}.Debug|Any CPU.ActiveCfg = Debug|Any CPU
		{1A9DEFF7-8D7F-434A-AA6A-DDB9547CB6C4}.Debug|Any CPU.Build.0 = Debug|Any CPU
		{1A9DEFF7-8D7F-434A-AA6A-DDB9547CB6C4}.Debug|Mixed Platforms.ActiveCfg = Debug|Any CPU
		{1A9DEFF7-8D7F-434A-AA6A-DDB9547CB6C4}.Debug|Mixed Platforms.Build.0 = Debug|Any CPU
		{1A9DEFF7-8D7F-434A-AA6A-DDB9547CB6C4}.Debug|x86.ActiveCfg = Debug|Any CPU
		{1A9DEFF7-8D7F-434A-AA6A-DDB9547CB6C4}.Debug|x86.Build.0 = Debug|Any CPU
		{1A9DEFF7-8D7F-434A-AA6A-DDB9547CB6C4}.Release|Any CPU.ActiveCfg = Release|Any CPU
		{1A9DEFF7-8D7F-434A-AA6A-DDB9547CB6C4}.Release|Any CPU.Build.0 = Release|Any CPU
		{1A9DEFF7-8D7F-434A-AA6A-DDB9547CB6C4}.Release|Mixed Platforms.ActiveCfg = Release|Any CPU
		{1A9DEFF7-8D7F-434A-AA6A-DDB9547CB6C4}.Release|Mixed Platforms.Build.0 = Release|Any CPU
		{1A9DEFF7-8D7F-434A-AA6A-DDB9547CB6C4}.Release|x86.ActiveCfg = Release|Any CPU
		{1A9DEFF7-8D7F-434A-AA6A-DDB9547CB6C4}.Release|x86.Build.0 = Release|Any CPU
	EndGlobalSection
	GlobalSection(SolutionProperties) = preSolution
		HideSolutionNode = FALSE
	EndGlobalSection
	GlobalSection(NestedProjects) = preSolution
		{B43FC076-1704-409A-A4F5-91A5DB22B4CF} = {3D285AE0-E5CF-4923-B543-0D70E5C6DE18}
		{38CB7FE2-9018-4EF2-A3BA-21A939E70718} = {3D285AE0-E5CF-4923-B543-0D70E5C6DE18}
	EndGlobalSection
	GlobalSection(ExtensibilityGlobals) = postSolution
		SolutionGuid = {5BCD65FC-3FB1-43B5-A23C-0FE6EE20414B}
	EndGlobalSection
EndGlobal
