Microsoft Visual Studio Solution File, Format Version 10.00
# Visual Studio 2008
Project("{FAE04EC0-301F-11D3-BF4B-00C04F79EFBC}") = "FluentNHibernate.Testing", "FluentNHibernate.Testing\FluentNHibernate.Testing.csproj", "{F5DC3221-827E-4CB4-B61C-5F50EB4D32EA}"
EndProject
Project("{2150E333-8FDC-42A3-9474-1A3956D46DE8}") = "Common", "Common", "{83F17668-79F5-46CB-9C33-AF30F48FAAD8}"
	ProjectSection(SolutionItems) = preProject
		FluentKey.snk = FluentKey.snk
	EndProjectSection
EndProject
Project("{FAE04EC0-301F-11D3-BF4B-00C04F79EFBC}") = "FluentNHibernate", "FluentNHibernate\FluentNHibernate.csproj", "{529145D5-6CC3-4016-89B5-826563024AF1}"
EndProject
Project("{FAE04EC0-301F-11D3-BF4B-00C04F79EFBC}") = "Examples.FirstProject", "Examples.FirstProject\Examples.FirstProject.csproj", "{B43FC076-1704-409A-A4F5-91A5DB22B4CF}"
EndProject
Global
	GlobalSection(SolutionConfigurationPlatforms) = preSolution
		Debug|Any CPU = Debug|Any CPU
		Debug|Mixed Platforms = Debug|Mixed Platforms
		Debug|x86 = Debug|x86
		Release|Any CPU = Release|Any CPU
		Release|Mixed Platforms = Release|Mixed Platforms
		Release|x86 = Release|x86
	EndGlobalSection
	GlobalSection(ProjectConfigurationPlatforms) = postSolution
		{F5DC3221-827E-4CB4-B61C-5F50EB4D32EA}.Debug|Any CPU.ActiveCfg = Debug|x86
		{F5DC3221-827E-4CB4-B61C-5F50EB4D32EA}.Debug|Any CPU.Build.0 = Debug|x86
		{F5DC3221-827E-4CB4-B61C-5F50EB4D32EA}.Debug|Mixed Platforms.ActiveCfg = Debug|x86
		{F5DC3221-827E-4CB4-B61C-5F50EB4D32EA}.Debug|Mixed Platforms.Build.0 = Debug|x86
		{F5DC3221-827E-4CB4-B61C-5F50EB4D32EA}.Debug|x86.ActiveCfg = Debug|x86
		{F5DC3221-827E-4CB4-B61C-5F50EB4D32EA}.Debug|x86.Build.0 = Debug|x86
		{F5DC3221-827E-4CB4-B61C-5F50EB4D32EA}.Release|Any CPU.ActiveCfg = Release|x86
		{F5DC3221-827E-4CB4-B61C-5F50EB4D32EA}.Release|Any CPU.Build.0 = Release|x86
		{F5DC3221-827E-4CB4-B61C-5F50EB4D32EA}.Release|Mixed Platforms.ActiveCfg = Release|x86
		{F5DC3221-827E-4CB4-B61C-5F50EB4D32EA}.Release|Mixed Platforms.Build.0 = Release|x86
		{F5DC3221-827E-4CB4-B61C-5F50EB4D32EA}.Release|x86.ActiveCfg = Release|x86
		{F5DC3221-827E-4CB4-B61C-5F50EB4D32EA}.Release|x86.Build.0 = Release|x86
		{529145D5-6CC3-4016-89B5-826563024AF1}.Debug|Any CPU.ActiveCfg = Debug|Any CPU
		{529145D5-6CC3-4016-89B5-826563024AF1}.Debug|Any CPU.Build.0 = Debug|Any CPU
		{529145D5-6CC3-4016-89B5-826563024AF1}.Debug|Mixed Platforms.ActiveCfg = Debug|Any CPU
		{529145D5-6CC3-4016-89B5-826563024AF1}.Debug|Mixed Platforms.Build.0 = Debug|Any CPU
		{529145D5-6CC3-4016-89B5-826563024AF1}.Debug|x86.ActiveCfg = Debug|Any CPU
		{529145D5-6CC3-4016-89B5-826563024AF1}.Release|Any CPU.ActiveCfg = Release|Any CPU
		{529145D5-6CC3-4016-89B5-826563024AF1}.Release|Any CPU.Build.0 = Release|Any CPU
		{529145D5-6CC3-4016-89B5-826563024AF1}.Release|Mixed Platforms.ActiveCfg = Release|Any CPU
		{529145D5-6CC3-4016-89B5-826563024AF1}.Release|Mixed Platforms.Build.0 = Release|Any CPU
		{529145D5-6CC3-4016-89B5-826563024AF1}.Release|x86.ActiveCfg = Release|Any CPU
		{B43FC076-1704-409A-A4F5-91A5DB22B4CF}.Debug|Any CPU.ActiveCfg = Debug|Any CPU
		{B43FC076-1704-409A-A4F5-91A5DB22B4CF}.Debug|Any CPU.Build.0 = Debug|Any CPU
		{B43FC076-1704-409A-A4F5-91A5DB22B4CF}.Debug|Mixed Platforms.ActiveCfg = Debug|x86
		{B43FC076-1704-409A-A4F5-91A5DB22B4CF}.Debug|Mixed Platforms.Build.0 = Debug|x86
		{B43FC076-1704-409A-A4F5-91A5DB22B4CF}.Debug|x86.ActiveCfg = Debug|x86
		{B43FC076-1704-409A-A4F5-91A5DB22B4CF}.Debug|x86.Build.0 = Debug|x86
		{B43FC076-1704-409A-A4F5-91A5DB22B4CF}.Release|Any CPU.ActiveCfg = Release|Any CPU
		{B43FC076-1704-409A-A4F5-91A5DB22B4CF}.Release|Any CPU.Build.0 = Release|Any CPU
		{B43FC076-1704-409A-A4F5-91A5DB22B4CF}.Release|Mixed Platforms.ActiveCfg = Release|x86
		{B43FC076-1704-409A-A4F5-91A5DB22B4CF}.Release|Mixed Platforms.Build.0 = Release|x86
		{B43FC076-1704-409A-A4F5-91A5DB22B4CF}.Release|x86.ActiveCfg = Release|x86
		{B43FC076-1704-409A-A4F5-91A5DB22B4CF}.Release|x86.Build.0 = Release|x86
	EndGlobalSection
	GlobalSection(SolutionProperties) = preSolution
		HideSolutionNode = FALSE
	EndGlobalSection
EndGlobal
